// !$*UTF8*$!
{
	archiveVersion = 1;
	classes = {
	};
	objectVersion = 56;
	objects = {

/* Begin PBXBuildFile section */
		565397AE2C29D7B800A62CF5 /* BackgroundSelector.swift in Sources */ = {isa = PBXBuildFile; fileRef = 565397AD2C29D7B800A62CF5 /* BackgroundSelector.swift */; };
		569159242C26BA770059DC47 /* Extensions.swift in Sources */ = {isa = PBXBuildFile; fileRef = 569159232C26BA770059DC47 /* Extensions.swift */; };
		5691592A2C280E140059DC47 /* MainSceneBackground.swift in Sources */ = {isa = PBXBuildFile; fileRef = 569159292C280E140059DC47 /* MainSceneBackground.swift */; };
		5691592F2C281D6E0059DC47 /* Background.swift in Sources */ = {isa = PBXBuildFile; fileRef = 5691592E2C281D6E0059DC47 /* Background.swift */; };
		56E9D35D2C254EC80011BA27 /* my_awesome_projectApp.swift in Sources */ = {isa = PBXBuildFile; fileRef = 56E9D35C2C254EC80011BA27 /* my_awesome_projectApp.swift */; };
		56E9D35F2C254EC80011BA27 /* ContentView.swift in Sources */ = {isa = PBXBuildFile; fileRef = 56E9D35E2C254EC80011BA27 /* ContentView.swift */; };
		56E9D3612C254ECC0011BA27 /* Assets.xcassets in Resources */ = {isa = PBXBuildFile; fileRef = 56E9D3602C254ECC0011BA27 /* Assets.xcassets */; };
		56E9D3642C254ECC0011BA27 /* Preview Assets.xcassets in Resources */ = {isa = PBXBuildFile; fileRef = 56E9D3632C254ECC0011BA27 /* Preview Assets.xcassets */; };
		56E9D36B2C2551620011BA27 /* ThumbnailImage.swift in Sources */ = {isa = PBXBuildFile; fileRef = 56E9D36A2C2551620011BA27 /* ThumbnailImage.swift */; };
		56E9D36D2C25A3030011BA27 /* ThemeSelector.swift in Sources */ = {isa = PBXBuildFile; fileRef = 56E9D36C2C25A3030011BA27 /* ThemeSelector.swift */; };
		56E9D3712C25A8E40011BA27 /* Theme.swift in Sources */ = {isa = PBXBuildFile; fileRef = 56E9D3702C25A8E40011BA27 /* Theme.swift */; };
/* End PBXBuildFile section */

/* Begin PBXFileReference section */
		565397AD2C29D7B800A62CF5 /* BackgroundSelector.swift */ = {isa = PBXFileReference; lastKnownFileType = sourcecode.swift; path = BackgroundSelector.swift; sourceTree = "<group>"; };
		569159232C26BA770059DC47 /* Extensions.swift */ = {isa = PBXFileReference; lastKnownFileType = sourcecode.swift; path = Extensions.swift; sourceTree = "<group>"; };
		569159292C280E140059DC47 /* MainSceneBackground.swift */ = {isa = PBXFileReference; lastKnownFileType = sourcecode.swift; path = MainSceneBackground.swift; sourceTree = "<group>"; };
		5691592E2C281D6E0059DC47 /* Background.swift */ = {isa = PBXFileReference; lastKnownFileType = sourcecode.swift; path = Background.swift; sourceTree = "<group>"; };
		56E9D3592C254EC80011BA27 /* my awesome project.app */ = {isa = PBXFileReference; explicitFileType = wrapper.application; includeInIndex = 0; path = "my awesome project.app"; sourceTree = BUILT_PRODUCTS_DIR; };
		56E9D35C2C254EC80011BA27 /* my_awesome_projectApp.swift */ = {isa = PBXFileReference; lastKnownFileType = sourcecode.swift; path = my_awesome_projectApp.swift; sourceTree = "<group>"; };
		56E9D35E2C254EC80011BA27 /* ContentView.swift */ = {isa = PBXFileReference; lastKnownFileType = sourcecode.swift; path = ContentView.swift; sourceTree = "<group>"; };
		56E9D3602C254ECC0011BA27 /* Assets.xcassets */ = {isa = PBXFileReference; lastKnownFileType = folder.assetcatalog; path = Assets.xcassets; sourceTree = "<group>"; };
		56E9D3632C254ECC0011BA27 /* Preview Assets.xcassets */ = {isa = PBXFileReference; lastKnownFileType = folder.assetcatalog; path = "Preview Assets.xcassets"; sourceTree = "<group>"; };
		56E9D36A2C2551620011BA27 /* ThumbnailImage.swift */ = {isa = PBXFileReference; lastKnownFileType = sourcecode.swift; path = ThumbnailImage.swift; sourceTree = "<group>"; };
		56E9D36C2C25A3030011BA27 /* ThemeSelector.swift */ = {isa = PBXFileReference; lastKnownFileType = sourcecode.swift; path = ThemeSelector.swift; sourceTree = "<group>"; };
		56E9D3702C25A8E40011BA27 /* Theme.swift */ = {isa = PBXFileReference; lastKnownFileType = sourcecode.swift; path = Theme.swift; sourceTree = "<group>"; };
/* End PBXFileReference section */

/* Begin PBXFrameworksBuildPhase section */
		56E9D3562C254EC70011BA27 /* Frameworks */ = {
			isa = PBXFrameworksBuildPhase;
			buildActionMask = 2147483647;
			files = (
			);
			runOnlyForDeploymentPostprocessing = 0;
		};
/* End PBXFrameworksBuildPhase section */

/* Begin PBXGroup section */
		5691592B2C281D380059DC47 /* Model */ = {
			isa = PBXGroup;
			children = (
				56E9D3702C25A8E40011BA27 /* Theme.swift */,
				5691592E2C281D6E0059DC47 /* Background.swift */,
			);
			path = Model;
			sourceTree = "<group>";
		};
		569159302C2962940059DC47 /* View */ = {
			isa = PBXGroup;
			children = (
				569159292C280E140059DC47 /* MainSceneBackground.swift */,
				56E9D36A2C2551620011BA27 /* ThumbnailImage.swift */,
				56E9D36C2C25A3030011BA27 /* ThemeSelector.swift */,
			);
			path = View;
			sourceTree = "<group>";
		};
		56E9D3502C254EC70011BA27 = {
			isa = PBXGroup;
			children = (
				56E9D35B2C254EC80011BA27 /* my awesome project */,
				56E9D35A2C254EC80011BA27 /* Products */,
			);
			sourceTree = "<group>";
		};
		56E9D35A2C254EC80011BA27 /* Products */ = {
			isa = PBXGroup;
			children = (
				56E9D3592C254EC80011BA27 /* my awesome project.app */,
			);
			name = Products;
			sourceTree = "<group>";
		};
		56E9D35B2C254EC80011BA27 /* my awesome project */ = {
			isa = PBXGroup;
			children = (
				569159302C2962940059DC47 /* View */,
				5691592B2C281D380059DC47 /* Model */,
				56E9D35C2C254EC80011BA27 /* my_awesome_projectApp.swift */,
				569159232C26BA770059DC47 /* Extensions.swift */,
				56E9D35E2C254EC80011BA27 /* ContentView.swift */,
				565397AD2C29D7B800A62CF5 /* BackgroundSelector.swift */,
				56E9D3602C254ECC0011BA27 /* Assets.xcassets */,
				56E9D3622C254ECC0011BA27 /* Preview Content */,
			);
			path = "my awesome project";
			sourceTree = "<group>";
		};
		56E9D3622C254ECC0011BA27 /* Preview Content */ = {
			isa = PBXGroup;
			children = (
				56E9D3632C254ECC0011BA27 /* Preview Assets.xcassets */,
			);
			path = "Preview Content";
			sourceTree = "<group>";
		};
/* End PBXGroup section */

/* Begin PBXNativeTarget section */
		56E9D3582C254EC70011BA27 /* my awesome project */ = {
			isa = PBXNativeTarget;
			buildConfigurationList = 56E9D3672C254ECC0011BA27 /* Build configuration list for PBXNativeTarget "my awesome project" */;
			buildPhases = (
				56E9D3552C254EC70011BA27 /* Sources */,
				56E9D3562C254EC70011BA27 /* Frameworks */,
				56E9D3572C254EC70011BA27 /* Resources */,
			);
			buildRules = (
			);
			dependencies = (
			);
			name = "my awesome project";
			productName = "my awesome project";
			productReference = 56E9D3592C254EC80011BA27 /* my awesome project.app */;
			productType = "com.apple.product-type.application";
		};
/* End PBXNativeTarget section */

/* Begin PBXProject section */
		56E9D3512C254EC70011BA27 /* Project object */ = {
			isa = PBXProject;
			attributes = {
				BuildIndependentTargetsInParallel = 1;
				LastSwiftUpdateCheck = 1540;
				LastUpgradeCheck = 1540;
				TargetAttributes = {
					56E9D3582C254EC70011BA27 = {
						CreatedOnToolsVersion = 15.4;
					};
				};
			};
			buildConfigurationList = 56E9D3542C254EC70011BA27 /* Build configuration list for PBXProject "my awesome project" */;
			compatibilityVersion = "Xcode 14.0";
			developmentRegion = en;
			hasScannedForEncodings = 0;
			knownRegions = (
				en,
				Base,
			);
			mainGroup = 56E9D3502C254EC70011BA27;
			productRefGroup = 56E9D35A2C254EC80011BA27 /* Products */;
			projectDirPath = "";
			projectRoot = "";
			targets = (
				56E9D3582C254EC70011BA27 /* my awesome project */,
			);
		};
/* End PBXProject section */

/* Begin PBXResourcesBuildPhase section */
		56E9D3572C254EC70011BA27 /* Resources */ = {
			isa = PBXResourcesBuildPhase;
			buildActionMask = 2147483647;
			files = (
				56E9D3642C254ECC0011BA27 /* Preview Assets.xcassets in Resources */,
				56E9D3612C254ECC0011BA27 /* Assets.xcassets in Resources */,
			);
			runOnlyForDeploymentPostprocessing = 0;
		};
/* End PBXResourcesBuildPhase section */

/* Begin PBXSourcesBuildPhase section */
		56E9D3552C254EC70011BA27 /* Sources */ = {
			isa = PBXSourcesBuildPhase;
			buildActionMask = 2147483647;
			files = (
				56E9D36B2C2551620011BA27 /* ThumbnailImage.swift in Sources */,
				569159242C26BA770059DC47 /* Extensions.swift in Sources */,
				56E9D35F2C254EC80011BA27 /* ContentView.swift in Sources */,
				565397AE2C29D7B800A62CF5 /* BackgroundSelector.swift in Sources */,
				56E9D36D2C25A3030011BA27 /* ThemeSelector.swift in Sources */,
				56E9D3712C25A8E40011BA27 /* Theme.swift in Sources */,
				56E9D35D2C254EC80011BA27 /* my_awesome_projectApp.swift in Sources */,
				5691592A2C280E140059DC47 /* MainSceneBackground.swift in Sources */,
				5691592F2C281D6E0059DC47 /* Background.swift in Sources */,
			);
			runOnlyForDeploymentPostprocessing = 0;
		};
/* End PBXSourcesBuildPhase section */

/* Begin XCBuildConfiguration section */
		56E9D3652C254ECC0011BA27 /* Debug */ = {
			isa = XCBuildConfiguration;
			buildSettings = {
				ALWAYS_SEARCH_USER_PATHS = NO;
				ASSETCATALOG_COMPILER_GENERATE_SWIFT_ASSET_SYMBOL_EXTENSIONS = YES;
				CLANG_ANALYZER_NONNULL = YES;
				CLANG_ANALYZER_NUMBER_OBJECT_CONVERSION = YES_AGGRESSIVE;
				CLANG_CXX_LANGUAGE_STANDARD = "gnu++20";
				CLANG_ENABLE_MODULES = YES;
				CLANG_ENABLE_OBJC_ARC = YES;
				CLANG_ENABLE_OBJC_WEAK = YES;
				CLANG_WARN_BLOCK_CAPTURE_AUTORELEASING = YES;
				CLANG_WARN_BOOL_CONVERSION = YES;
				CLANG_WARN_COMMA = YES;
				CLANG_WARN_CONSTANT_CONVERSION = YES;
				CLANG_WARN_DEPRECATED_OBJC_IMPLEMENTATIONS = YES;
				CLANG_WARN_DIRECT_OBJC_ISA_USAGE = YES_ERROR;
				CLANG_WARN_DOCUMENTATION_COMMENTS = YES;
				CLANG_WARN_EMPTY_BODY = YES;
				CLANG_WARN_ENUM_CONVERSION = YES;
				CLANG_WARN_INFINITE_RECURSION = YES;
				CLANG_WARN_INT_CONVERSION = YES;
				CLANG_WARN_NON_LITERAL_NULL_CONVERSION = YES;
				CLANG_WARN_OBJC_IMPLICIT_RETAIN_SELF = YES;
				CLANG_WARN_OBJC_LITERAL_CONVERSION = YES;
				CLANG_WARN_OBJC_ROOT_CLASS = YES_ERROR;
				CLANG_WARN_QUOTED_INCLUDE_IN_FRAMEWORK_HEADER = YES;
				CLANG_WARN_RANGE_LOOP_ANALYSIS = YES;
				CLANG_WARN_STRICT_PROTOTYPES = YES;
				CLANG_WARN_SUSPICIOUS_MOVE = YES;
				CLANG_WARN_UNGUARDED_AVAILABILITY = YES_AGGRESSIVE;
				CLANG_WARN_UNREACHABLE_CODE = YES;
				CLANG_WARN__DUPLICATE_METHOD_MATCH = YES;
				COPY_PHASE_STRIP = NO;
				DEBUG_INFORMATION_FORMAT = dwarf;
				ENABLE_STRICT_OBJC_MSGSEND = YES;
				ENABLE_TESTABILITY = YES;
				ENABLE_USER_SCRIPT_SANDBOXING = YES;
				GCC_C_LANGUAGE_STANDARD = gnu17;
				GCC_DYNAMIC_NO_PIC = NO;
				GCC_NO_COMMON_BLOCKS = YES;
				GCC_OPTIMIZATION_LEVEL = 0;
				GCC_PREPROCESSOR_DEFINITIONS = (
					"DEBUG=1",
					"$(inherited)",
				);
				GCC_WARN_64_TO_32_BIT_CONVERSION = YES;
				GCC_WARN_ABOUT_RETURN_TYPE = YES_ERROR;
				GCC_WARN_UNDECLARED_SELECTOR = YES;
				GCC_WARN_UNINITIALIZED_AUTOS = YES_AGGRESSIVE;
				GCC_WARN_UNUSED_FUNCTION = YES;
				GCC_WARN_UNUSED_VARIABLE = YES;
				IPHONEOS_DEPLOYMENT_TARGET = 17.5;
				LOCALIZATION_PREFERS_STRING_CATALOGS = YES;
				MTL_ENABLE_DEBUG_INFO = INCLUDE_SOURCE;
				MTL_FAST_MATH = YES;
				ONLY_ACTIVE_ARCH = YES;
				SDKROOT = iphoneos;
				SWIFT_ACTIVE_COMPILATION_CONDITIONS = "DEBUG $(inherited)";
				SWIFT_OPTIMIZATION_LEVEL = "-Onone";
			};
			name = Debug;
		};
		56E9D3662C254ECC0011BA27 /* Release */ = {
			isa = XCBuildConfiguration;
			buildSettings = {
				ALWAYS_SEARCH_USER_PATHS = NO;
				ASSETCATALOG_COMPILER_GENERATE_SWIFT_ASSET_SYMBOL_EXTENSIONS = YES;
				CLANG_ANALYZER_NONNULL = YES;
				CLANG_ANALYZER_NUMBER_OBJECT_CONVERSION = YES_AGGRESSIVE;
				CLANG_CXX_LANGUAGE_STANDARD = "gnu++20";
				CLANG_ENABLE_MODULES = YES;
				CLANG_ENABLE_OBJC_ARC = YES;
				CLANG_ENABLE_OBJC_WEAK = YES;
				CLANG_WARN_BLOCK_CAPTURE_AUTORELEASING = YES;
				CLANG_WARN_BOOL_CONVERSION = YES;
				CLANG_WARN_COMMA = YES;
				CLANG_WARN_CONSTANT_CONVERSION = YES;
				CLANG_WARN_DEPRECATED_OBJC_IMPLEMENTATIONS = YES;
				CLANG_WARN_DIRECT_OBJC_ISA_USAGE = YES_ERROR;
				CLANG_WARN_DOCUMENTATION_COMMENTS = YES;
				CLANG_WARN_EMPTY_BODY = YES;
				CLANG_WARN_ENUM_CONVERSION = YES;
				CLANG_WARN_INFINITE_RECURSION = YES;
				CLANG_WARN_INT_CONVERSION = YES;
				CLANG_WARN_NON_LITERAL_NULL_CONVERSION = YES;
				CLANG_WARN_OBJC_IMPLICIT_RETAIN_SELF = YES;
				CLANG_WARN_OBJC_LITERAL_CONVERSION = YES;
				CLANG_WARN_OBJC_ROOT_CLASS = YES_ERROR;
				CLANG_WARN_QUOTED_INCLUDE_IN_FRAMEWORK_HEADER = YES;
				CLANG_WARN_RANGE_LOOP_ANALYSIS = YES;
				CLANG_WARN_STRICT_PROTOTYPES = YES;
				CLANG_WARN_SUSPICIOUS_MOVE = YES;
				CLANG_WARN_UNGUARDED_AVAILABILITY = YES_AGGRESSIVE;
				CLANG_WARN_UNREACHABLE_CODE = YES;
				CLANG_WARN__DUPLICATE_METHOD_MATCH = YES;
				COPY_PHASE_STRIP = NO;
				DEBUG_INFORMATION_FORMAT = "dwarf-with-dsym";
				ENABLE_NS_ASSERTIONS = NO;
				ENABLE_STRICT_OBJC_MSGSEND = YES;
				ENABLE_USER_SCRIPT_SANDBOXING = YES;
				GCC_C_LANGUAGE_STANDARD = gnu17;
				GCC_NO_COMMON_BLOCKS = YES;
				GCC_WARN_64_TO_32_BIT_CONVERSION = YES;
				GCC_WARN_ABOUT_RETURN_TYPE = YES_ERROR;
				GCC_WARN_UNDECLARED_SELECTOR = YES;
				GCC_WARN_UNINITIALIZED_AUTOS = YES_AGGRESSIVE;
				GCC_WARN_UNUSED_FUNCTION = YES;
				GCC_WARN_UNUSED_VARIABLE = YES;
				IPHONEOS_DEPLOYMENT_TARGET = 17.5;
				LOCALIZATION_PREFERS_STRING_CATALOGS = YES;
				MTL_ENABLE_DEBUG_INFO = NO;
				MTL_FAST_MATH = YES;
				SDKROOT = iphoneos;
				SWIFT_COMPILATION_MODE = wholemodule;
				VALIDATE_PRODUCT = YES;
			};
			name = Release;
		};
		56E9D3682C254ECC0011BA27 /* Debug */ = {
			isa = XCBuildConfiguration;
			buildSettings = {
				ASSETCATALOG_COMPILER_APPICON_NAME = AppIcon;
				ASSETCATALOG_COMPILER_GLOBAL_ACCENT_COLOR_NAME = AccentColor;
				CODE_SIGN_STYLE = Automatic;
				CURRENT_PROJECT_VERSION = 1;
				DEVELOPMENT_ASSET_PATHS = "\"my awesome project/Preview Content\"";
				DEVELOPMENT_TEAM = KYDHFN7JB5;
				ENABLE_PREVIEWS = YES;
				GENERATE_INFOPLIST_FILE = YES;
				INFOPLIST_KEY_UIApplicationSceneManifest_Generation = YES;
				INFOPLIST_KEY_UIApplicationSupportsIndirectInputEvents = YES;
				INFOPLIST_KEY_UILaunchScreen_Generation = YES;
				INFOPLIST_KEY_UISupportedInterfaceOrientations_iPad = "UIInterfaceOrientationPortrait UIInterfaceOrientationPortraitUpsideDown UIInterfaceOrientationLandscapeLeft UIInterfaceOrientationLandscapeRight";
				INFOPLIST_KEY_UISupportedInterfaceOrientations_iPhone = "UIInterfaceOrientationPortrait UIInterfaceOrientationLandscapeLeft UIInterfaceOrientationLandscapeRight";
				LD_RUNPATH_SEARCH_PATHS = (
					"$(inherited)",
					"@executable_path/Frameworks",
				);
				MARKETING_VERSION = 1.0;
				PRODUCT_BUNDLE_IDENTIFIER = "com.xtineeeee.my-awesome-project";
				PRODUCT_NAME = "$(TARGET_NAME)";
				SWIFT_EMIT_LOC_STRINGS = YES;
				SWIFT_VERSION = 5.0;
				TARGETED_DEVICE_FAMILY = "1,2";
			};
			name = Debug;
		};
		56E9D3692C254ECC0011BA27 /* Release */ = {
			isa = XCBuildConfiguration;
			buildSettings = {
				ASSETCATALOG_COMPILER_APPICON_NAME = AppIcon;
				ASSETCATALOG_COMPILER_GLOBAL_ACCENT_COLOR_NAME = AccentColor;
				CODE_SIGN_STYLE = Automatic;
				CURRENT_PROJECT_VERSION = 1;
				DEVELOPMENT_ASSET_PATHS = "\"my awesome project/Preview Content\"";
				DEVELOPMENT_TEAM = KYDHFN7JB5;
				ENABLE_PREVIEWS = YES;
				GENERATE_INFOPLIST_FILE = YES;
				INFOPLIST_KEY_UIApplicationSceneManifest_Generation = YES;
				INFOPLIST_KEY_UIApplicationSupportsIndirectInputEvents = YES;
				INFOPLIST_KEY_UILaunchScreen_Generation = YES;
				INFOPLIST_KEY_UISupportedInterfaceOrientations_iPad = "UIInterfaceOrientationPortrait UIInterfaceOrientationPortraitUpsideDown UIInterfaceOrientationLandscapeLeft UIInterfaceOrientationLandscapeRight";
				INFOPLIST_KEY_UISupportedInterfaceOrientations_iPhone = "UIInterfaceOrientationPortrait UIInterfaceOrientationLandscapeLeft UIInterfaceOrientationLandscapeRight";
				LD_RUNPATH_SEARCH_PATHS = (
					"$(inherited)",
					"@executable_path/Frameworks",
				);
				MARKETING_VERSION = 1.0;
				PRODUCT_BUNDLE_IDENTIFIER = "com.xtineeeee.my-awesome-project";
				PRODUCT_NAME = "$(TARGET_NAME)";
				SWIFT_EMIT_LOC_STRINGS = YES;
				SWIFT_VERSION = 5.0;
				TARGETED_DEVICE_FAMILY = "1,2";
			};
			name = Release;
		};
/* End XCBuildConfiguration section */

/* Begin XCConfigurationList section */
		56E9D3542C254EC70011BA27 /* Build configuration list for PBXProject "my awesome project" */ = {
			isa = XCConfigurationList;
			buildConfigurations = (
				56E9D3652C254ECC0011BA27 /* Debug */,
				56E9D3662C254ECC0011BA27 /* Release */,
			);
			defaultConfigurationIsVisible = 0;
			defaultConfigurationName = Release;
		};
		56E9D3672C254ECC0011BA27 /* Build configuration list for PBXNativeTarget "my awesome project" */ = {
			isa = XCConfigurationList;
			buildConfigurations = (
				56E9D3682C254ECC0011BA27 /* Debug */,
				56E9D3692C254ECC0011BA27 /* Release */,
			);
			defaultConfigurationIsVisible = 0;
			defaultConfigurationName = Release;
		};
/* End XCConfigurationList section */
	};
	rootObject = 56E9D3512C254EC70011BA27 /* Project object */;
}
